
Microsoft Visual Studio Solution File, Format Version 12.00
# Visual Studio Version 17
VisualStudioVersion = 17.3.32929.385
MinimumVisualStudioVersion = 10.0.40219.1
Project("{9A19103F-16F7-4668-BE54-9A1E7A4F7556}") = "SCS.API", "SmartChargingSystem\SCS.API.csproj", "{97BA3B6D-9DB5-4E17-BA5C-36F3D1E9BED6}"
EndProject
Project("{9A19103F-16F7-4668-BE54-9A1E7A4F7556}") = "SCS.Domain", "SCS.Domain\SCS.Domain.csproj", "{B5928C9B-FE35-4083-870C-3E0D66528581}"
EndProject
Project("{9A19103F-16F7-4668-BE54-9A1E7A4F7556}") = "SCS.DAL", "SCS.DAL\SCS.DAL.csproj", "{127FB168-F879-48B5-8D90-7AADF26F365B}"
EndProject
Project("{9A19103F-16F7-4668-BE54-9A1E7A4F7556}") = "SCS.BLL", "SCS.BLL\SCS.BLL.csproj", "{C950A841-4F4B-4194-AA75-33EF5BBEACF6}"
EndProject
Project("{FAE04EC0-301F-11D3-BF4B-00C04F79EFBC}") = "SCS.Tests", "SCS.Tests\SCS.Tests.csproj", "{7E7C9D95-1A1D-469C-8B7C-29B63DCA69F0}"
EndProject
Global
	GlobalSection(SolutionConfigurationPlatforms) = preSolution
		Debug|Any CPU = Debug|Any CPU
		Release|Any CPU = Release|Any CPU
	EndGlobalSection
	GlobalSection(ProjectConfigurationPlatforms) = postSolution
		{97BA3B6D-9DB5-4E17-BA5C-36F3D1E9BED6}.Debug|Any CPU.ActiveCfg = Debug|Any CPU
		{97BA3B6D-9DB5-4E17-BA5C-36F3D1E9BED6}.Debug|Any CPU.Build.0 = Debug|Any CPU
		{97BA3B6D-9DB5-4E17-BA5C-36F3D1E9BED6}.Release|Any CPU.ActiveCfg = Release|Any CPU
		{97BA3B6D-9DB5-4E17-BA5C-36F3D1E9BED6}.Release|Any CPU.Build.0 = Release|Any CPU
		{B5928C9B-FE35-4083-870C-3E0D66528581}.Debug|Any CPU.ActiveCfg = Debug|Any CPU
		{B5928C9B-FE35-4083-870C-3E0D66528581}.Debug|Any CPU.Build.0 = Debug|Any CPU
		{B5928C9B-FE35-4083-870C-3E0D66528581}.Release|Any CPU.ActiveCfg = Release|Any CPU
		{B5928C9B-FE35-4083-870C-3E0D66528581}.Release|Any CPU.Build.0 = Release|Any CPU
		{127FB168-F879-48B5-8D90-7AADF26F365B}.Debug|Any CPU.ActiveCfg = Debug|Any CPU
		{127FB168-F879-48B5-8D90-7AADF26F365B}.Debug|Any CPU.Build.0 = Debug|Any CPU
		{127FB168-F879-48B5-8D90-7AADF26F365B}.Release|Any CPU.ActiveCfg = Release|Any CPU
		{127FB168-F879-48B5-8D90-7AADF26F365B}.Release|Any CPU.Build.0 = Release|Any CPU
		{C950A841-4F4B-4194-AA75-33EF5BBEACF6}.Debug|Any CPU.ActiveCfg = Debug|Any CPU
		{C950A841-4F4B-4194-AA75-33EF5BBEACF6}.Debug|Any CPU.Build.0 = Debug|Any CPU
		{C950A841-4F4B-4194-AA75-33EF5BBEACF6}.Release|Any CPU.ActiveCfg = Release|Any CPU
		{C950A841-4F4B-4194-AA75-33EF5BBEACF6}.Release|Any CPU.Build.0 = Release|Any CPU
		{7E7C9D95-1A1D-469C-8B7C-29B63DCA69F0}.Debug|Any CPU.ActiveCfg = Debug|Any CPU
		{7E7C9D95-1A1D-469C-8B7C-29B63DCA69F0}.Debug|Any CPU.Build.0 = Debug|Any CPU
		{7E7C9D95-1A1D-469C-8B7C-29B63DCA69F0}.Release|Any CPU.ActiveCfg = Release|Any CPU
		{7E7C9D95-1A1D-469C-8B7C-29B63DCA69F0}.Release|Any CPU.Build.0 = Release|Any CPU
	EndGlobalSection
	GlobalSection(SolutionProperties) = preSolution
		HideSolutionNode = FALSE
	EndGlobalSection
	GlobalSection(ExtensibilityGlobals) = postSolution
		SolutionGuid = {70FDABD5-94B8-4620-A8B4-1E2BB85F2423}
	EndGlobalSection
EndGlobal
